
Microsoft Visual Studio Solution File, Format Version 12.00
# Visual Studio Version 17
VisualStudioVersion = 17.6.33815.320
MinimumVisualStudioVersion = 10.0.40219.1
Project("{FAE04EC0-301F-11D3-BF4B-00C04F79EFBC}") = "Police", "Police\Police.csproj", "{A9FB695C-2226-46BD-AD43-DB36F38D634D}"
EndProject
Global
	GlobalSection(SolutionConfigurationPlatforms) = preSolution
		Debug|Any CPU = Debug|Any CPU
		Release|Any CPU = Release|Any CPU
	EndGlobalSection
	GlobalSection(ProjectConfigurationPlatforms) = postSolution
		{A9FB695C-2226-46BD-AD43-DB36F38D634D}.Debug|Any CPU.ActiveCfg = Debug|Any CPU
		{A9FB695C-2226-46BD-AD43-DB36F38D634D}.Debug|Any CPU.Build.0 = Debug|Any CPU
		{A9FB695C-2226-46BD-AD43-DB36F38D634D}.Release|Any CPU.ActiveCfg = Release|Any CPU
		{A9FB695C-2226-46BD-AD43-DB36F38D634D}.Release|Any CPU.Build.0 = Release|Any CPU
	EndGlobalSection
	GlobalSection(SolutionProperties) = preSolution
		HideSolutionNode = FALSE
	EndGlobalSection
	GlobalSection(ExtensibilityGlobals) = postSolution
		SolutionGuid = {4D372587-7119-4C1C-8A8F-67378A861DA5}
	EndGlobalSection
EndGlobal
